
Microsoft Visual Studio Solution File, Format Version 12.00
Project("{FAE04EC0-301F-11D3-BF4B-00C04F79EFBC}") = "SRD-5-2-1", "SRD-5-2-1\SRD-5-2-1.csproj", "{1A4ABF5D-3A0C-4141-ADD7-0EA27A733BAE}"
EndProject
Project("{FAE04EC0-301F-11D3-BF4B-00C04F79EFBC}") = "SRD-5-2-1 Console", "SRD-5-2-1 Console\SRD-5-2-1 Console.csproj", "{992B2B1C-A392-4B7C-A7E3-3AE66F42A65A}"
EndProject
Global
	GlobalSection(SolutionConfigurationPlatforms) = preSolution
		Debug|Any CPU = Debug|Any CPU
		Release|Any CPU = Release|Any CPU
	EndGlobalSection
	GlobalSection(ProjectConfigurationPlatforms) = postSolution
		{1A4ABF5D-3A0C-4141-ADD7-0EA27A733BAE}.Debug|Any CPU.ActiveCfg = Debug|Any CPU
		{1A4ABF5D-3A0C-4141-ADD7-0EA27A733BAE}.Debug|Any CPU.Build.0 = Debug|Any CPU
		{1A4ABF5D-3A0C-4141-ADD7-0EA27A733BAE}.Release|Any CPU.ActiveCfg = Release|Any CPU
		{1A4ABF5D-3A0C-4141-ADD7-0EA27A733BAE}.Release|Any CPU.Build.0 = Release|Any CPU
		{992B2B1C-A392-4B7C-A7E3-3AE66F42A65A}.Debug|Any CPU.ActiveCfg = Debug|Any CPU
		{992B2B1C-A392-4B7C-A7E3-3AE66F42A65A}.Debug|Any CPU.Build.0 = Debug|Any CPU
		{992B2B1C-A392-4B7C-A7E3-3AE66F42A65A}.Release|Any CPU.ActiveCfg = Release|Any CPU
		{992B2B1C-A392-4B7C-A7E3-3AE66F42A65A}.Release|Any CPU.Build.0 = Release|Any CPU
	EndGlobalSection
EndGlobal
