
Microsoft Visual Studio Solution File, Format Version 12.00
# Visual Studio Version 18
VisualStudioVersion = 18.1.11312.151
MinimumVisualStudioVersion = 10.0.40219.1
Project("{FAE04EC0-301F-11D3-BF4B-00C04F79EFBC}") = "SRD-5-2-1", "SRD-5-2-1\SRD-5-2-1.csproj", "{1A4ABF5D-3A0C-4141-ADD7-0EA27A733BAE}"
EndProject
Project("{FAE04EC0-301F-11D3-BF4B-00C04F79EFBC}") = "SRD-5-2-1 Tests", "SRD-5-2-1 Tests\SRD-5-2-1 Tests.csproj", "{A8077F7C-8319-4BEC-9B80-6FA856DFBF27}"
EndProject
Global
	GlobalSection(SolutionConfigurationPlatforms) = preSolution
		Debug|Any CPU = Debug|Any CPU
		Debug|x64 = Debug|x64
		Debug|x86 = Debug|x86
		Release|Any CPU = Release|Any CPU
		Release|x64 = Release|x64
		Release|x86 = Release|x86
	EndGlobalSection
	GlobalSection(ProjectConfigurationPlatforms) = postSolution
		{1A4ABF5D-3A0C-4141-ADD7-0EA27A733BAE}.Debug|Any CPU.ActiveCfg = Debug|Any CPU
		{1A4ABF5D-3A0C-4141-ADD7-0EA27A733BAE}.Debug|Any CPU.Build.0 = Debug|Any CPU
		{1A4ABF5D-3A0C-4141-ADD7-0EA27A733BAE}.Debug|x64.ActiveCfg = Debug|Any CPU
		{1A4ABF5D-3A0C-4141-ADD7-0EA27A733BAE}.Debug|x64.Build.0 = Debug|Any CPU
		{1A4ABF5D-3A0C-4141-ADD7-0EA27A733BAE}.Debug|x86.ActiveCfg = Debug|Any CPU
		{1A4ABF5D-3A0C-4141-ADD7-0EA27A733BAE}.Debug|x86.Build.0 = Debug|Any CPU
		{1A4ABF5D-3A0C-4141-ADD7-0EA27A733BAE}.Release|Any CPU.ActiveCfg = Release|Any CPU
		{1A4ABF5D-3A0C-4141-ADD7-0EA27A733BAE}.Release|Any CPU.Build.0 = Release|Any CPU
		{1A4ABF5D-3A0C-4141-ADD7-0EA27A733BAE}.Release|x64.ActiveCfg = Release|Any CPU
		{1A4ABF5D-3A0C-4141-ADD7-0EA27A733BAE}.Release|x64.Build.0 = Release|Any CPU
		{1A4ABF5D-3A0C-4141-ADD7-0EA27A733BAE}.Release|x86.ActiveCfg = Release|Any CPU
		{1A4ABF5D-3A0C-4141-ADD7-0EA27A733BAE}.Release|x86.Build.0 = Release|Any CPU
		{A8077F7C-8319-4BEC-9B80-6FA856DFBF27}.Debug|Any CPU.ActiveCfg = Debug|Any CPU
		{A8077F7C-8319-4BEC-9B80-6FA856DFBF27}.Debug|Any CPU.Build.0 = Debug|Any CPU
		{A8077F7C-8319-4BEC-9B80-6FA856DFBF27}.Debug|x64.ActiveCfg = Debug|Any CPU
		{A8077F7C-8319-4BEC-9B80-6FA856DFBF27}.Debug|x64.Build.0 = Debug|Any CPU
		{A8077F7C-8319-4BEC-9B80-6FA856DFBF27}.Debug|x86.ActiveCfg = Debug|Any CPU
		{A8077F7C-8319-4BEC-9B80-6FA856DFBF27}.Debug|x86.Build.0 = Debug|Any CPU
		{A8077F7C-8319-4BEC-9B80-6FA856DFBF27}.Release|Any CPU.ActiveCfg = Release|Any CPU
		{A8077F7C-8319-4BEC-9B80-6FA856DFBF27}.Release|Any CPU.Build.0 = Release|Any CPU
		{A8077F7C-8319-4BEC-9B80-6FA856DFBF27}.Release|x64.ActiveCfg = Release|Any CPU
		{A8077F7C-8319-4BEC-9B80-6FA856DFBF27}.Release|x64.Build.0 = Release|Any CPU
		{A8077F7C-8319-4BEC-9B80-6FA856DFBF27}.Release|x86.ActiveCfg = Release|Any CPU
		{A8077F7C-8319-4BEC-9B80-6FA856DFBF27}.Release|x86.Build.0 = Release|Any CPU
	EndGlobalSection
	GlobalSection(SolutionProperties) = preSolution
		HideSolutionNode = FALSE
	EndGlobalSection
	GlobalSection(ExtensibilityGlobals) = postSolution
		SolutionGuid = {BB2CF873-7BCB-4F5D-83BC-11BF90CAD5E8}
	EndGlobalSection
EndGlobal
